// !$*UTF8*$!
{
	archiveVersion = 1;
	classes = {
	};
	objectVersion = 55;
	objects = {

/* Begin PBXBuildFile section */
		C1356C9F28A9F2550093D003 /* AppDelegate.swift in Sources */ = {isa = PBXBuildFile; fileRef = C1356C9E28A9F2550093D003 /* AppDelegate.swift */; };
		C1356CA128A9F2550093D003 /* SceneDelegate.swift in Sources */ = {isa = PBXBuildFile; fileRef = C1356CA028A9F2550093D003 /* SceneDelegate.swift */; };
		C1356CA328A9F2550093D003 /* ViewController.swift in Sources */ = {isa = PBXBuildFile; fileRef = C1356CA228A9F2550093D003 /* ViewController.swift */; };
		C1356CA628A9F2550093D003 /* Main.storyboard in Resources */ = {isa = PBXBuildFile; fileRef = C1356CA428A9F2550093D003 /* Main.storyboard */; };
		C1356CA828A9F2560093D003 /* Assets.xcassets in Resources */ = {isa = PBXBuildFile; fileRef = C1356CA728A9F2560093D003 /* Assets.xcassets */; };
		C1356CAB28A9F2560093D003 /* LaunchScreen.storyboard in Resources */ = {isa = PBXBuildFile; fileRef = C1356CA928A9F2560093D003 /* LaunchScreen.storyboard */; };
		C1356CB628A9F2560093D003 /* MacroTrackTests.swift in Sources */ = {isa = PBXBuildFile; fileRef = C1356CB528A9F2560093D003 /* MacroTrackTests.swift */; };
		C1356CC028A9F2560093D003 /* MacroTrackUITests.swift in Sources */ = {isa = PBXBuildFile; fileRef = C1356CBF28A9F2560093D003 /* MacroTrackUITests.swift */; };
		C1356CC228A9F2560093D003 /* MacroTrackUITestsLaunchTests.swift in Sources */ = {isa = PBXBuildFile; fileRef = C1356CC128A9F2560093D003 /* MacroTrackUITestsLaunchTests.swift */; };
		C1A69E4C28B43E88009A0AA5 /* TrackViewController.swift in Sources */ = {isa = PBXBuildFile; fileRef = C1A69E4B28B43E88009A0AA5 /* TrackViewController.swift */; };
/* End PBXBuildFile section */

/* Begin PBXContainerItemProxy section */
		C1356CB228A9F2560093D003 /* PBXContainerItemProxy */ = {
			isa = PBXContainerItemProxy;
			containerPortal = C1356C9328A9F2550093D003 /* Project object */;
			proxyType = 1;
			remoteGlobalIDString = C1356C9A28A9F2550093D003;
			remoteInfo = MacroTrack;
		};
		C1356CBC28A9F2560093D003 /* PBXContainerItemProxy */ = {
			isa = PBXContainerItemProxy;
			containerPortal = C1356C9328A9F2550093D003 /* Project object */;
			proxyType = 1;
			remoteGlobalIDString = C1356C9A28A9F2550093D003;
			remoteInfo = MacroTrack;
		};
/* End PBXContainerItemProxy section */

/* Begin PBXFileReference section */
		C1356C9B28A9F2550093D003 /* MacroTrack.app */ = {isa = PBXFileReference; explicitFileType = wrapper.application; includeInIndex = 0; path = MacroTrack.app; sourceTree = BUILT_PRODUCTS_DIR; };
		C1356C9E28A9F2550093D003 /* AppDelegate.swift */ = {isa = PBXFileReference; lastKnownFileType = sourcecode.swift; path = AppDelegate.swift; sourceTree = "<group>"; };
		C1356CA028A9F2550093D003 /* SceneDelegate.swift */ = {isa = PBXFileReference; lastKnownFileType = sourcecode.swift; path = SceneDelegate.swift; sourceTree = "<group>"; };
		C1356CA228A9F2550093D003 /* ViewController.swift */ = {isa = PBXFileReference; lastKnownFileType = sourcecode.swift; path = ViewController.swift; sourceTree = "<group>"; };
		C1356CA528A9F2550093D003 /* Base */ = {isa = PBXFileReference; lastKnownFileType = file.storyboard; name = Base; path = Base.lproj/Main.storyboard; sourceTree = "<group>"; };
		C1356CA728A9F2560093D003 /* Assets.xcassets */ = {isa = PBXFileReference; lastKnownFileType = folder.assetcatalog; path = Assets.xcassets; sourceTree = "<group>"; };
		C1356CAA28A9F2560093D003 /* Base */ = {isa = PBXFileReference; lastKnownFileType = file.storyboard; name = Base; path = Base.lproj/LaunchScreen.storyboard; sourceTree = "<group>"; };
		C1356CAC28A9F2560093D003 /* Info.plist */ = {isa = PBXFileReference; lastKnownFileType = text.plist.xml; path = Info.plist; sourceTree = "<group>"; };
		C1356CB128A9F2560093D003 /* MacroTrackTests.xctest */ = {isa = PBXFileReference; explicitFileType = wrapper.cfbundle; includeInIndex = 0; path = MacroTrackTests.xctest; sourceTree = BUILT_PRODUCTS_DIR; };
		C1356CB528A9F2560093D003 /* MacroTrackTests.swift */ = {isa = PBXFileReference; lastKnownFileType = sourcecode.swift; path = MacroTrackTests.swift; sourceTree = "<group>"; };
		C1356CBB28A9F2560093D003 /* MacroTrackUITests.xctest */ = {isa = PBXFileReference; explicitFileType = wrapper.cfbundle; includeInIndex = 0; path = MacroTrackUITests.xctest; sourceTree = BUILT_PRODUCTS_DIR; };
		C1356CBF28A9F2560093D003 /* MacroTrackUITests.swift */ = {isa = PBXFileReference; lastKnownFileType = sourcecode.swift; path = MacroTrackUITests.swift; sourceTree = "<group>"; };
		C1356CC128A9F2560093D003 /* MacroTrackUITestsLaunchTests.swift */ = {isa = PBXFileReference; lastKnownFileType = sourcecode.swift; path = MacroTrackUITestsLaunchTests.swift; sourceTree = "<group>"; };
		C1A69E4B28B43E88009A0AA5 /* TrackViewController.swift */ = {isa = PBXFileReference; lastKnownFileType = sourcecode.swift; path = TrackViewController.swift; sourceTree = "<group>"; };
/* End PBXFileReference section */

/* Begin PBXFrameworksBuildPhase section */
		C1356C9828A9F2550093D003 /* Frameworks */ = {
			isa = PBXFrameworksBuildPhase;
			buildActionMask = 2147483647;
			files = (
			);
			runOnlyForDeploymentPostprocessing = 0;
		};
		C1356CAE28A9F2560093D003 /* Frameworks */ = {
			isa = PBXFrameworksBuildPhase;
			buildActionMask = 2147483647;
			files = (
			);
			runOnlyForDeploymentPostprocessing = 0;
		};
		C1356CB828A9F2560093D003 /* Frameworks */ = {
			isa = PBXFrameworksBuildPhase;
			buildActionMask = 2147483647;
			files = (
			);
			runOnlyForDeploymentPostprocessing = 0;
		};
/* End PBXFrameworksBuildPhase section */

/* Begin PBXGroup section */
		C1356C9228A9F2550093D003 = {
			isa = PBXGroup;
			children = (
				C1356C9D28A9F2550093D003 /* MacroTrack */,
				C1356CB428A9F2560093D003 /* MacroTrackTests */,
				C1356CBE28A9F2560093D003 /* MacroTrackUITests */,
				C1356C9C28A9F2550093D003 /* Products */,
			);
			sourceTree = "<group>";
		};
		C1356C9C28A9F2550093D003 /* Products */ = {
			isa = PBXGroup;
			children = (
				C1356C9B28A9F2550093D003 /* MacroTrack.app */,
				C1356CB128A9F2560093D003 /* MacroTrackTests.xctest */,
				C1356CBB28A9F2560093D003 /* MacroTrackUITests.xctest */,
			);
			name = Products;
			sourceTree = "<group>";
		};
		C1356C9D28A9F2550093D003 /* MacroTrack */ = {
			isa = PBXGroup;
			children = (
				C1356C9E28A9F2550093D003 /* AppDelegate.swift */,
				C1356CA028A9F2550093D003 /* SceneDelegate.swift */,
				C1356CA228A9F2550093D003 /* ViewController.swift */,
				C1A69E4B28B43E88009A0AA5 /* TrackViewController.swift */,
				C1356CA428A9F2550093D003 /* Main.storyboard */,
				C1356CA728A9F2560093D003 /* Assets.xcassets */,
				C1356CA928A9F2560093D003 /* LaunchScreen.storyboard */,
				C1356CAC28A9F2560093D003 /* Info.plist */,
			);
			path = MacroTrack;
			sourceTree = "<group>";
		};
		C1356CB428A9F2560093D003 /* MacroTrackTests */ = {
			isa = PBXGroup;
			children = (
				C1356CB528A9F2560093D003 /* MacroTrackTests.swift */,
			);
			path = MacroTrackTests;
			sourceTree = "<group>";
		};
		C1356CBE28A9F2560093D003 /* MacroTrackUITests */ = {
			isa = PBXGroup;
			children = (
				C1356CBF28A9F2560093D003 /* MacroTrackUITests.swift */,
				C1356CC128A9F2560093D003 /* MacroTrackUITestsLaunchTests.swift */,
			);
			path = MacroTrackUITests;
			sourceTree = "<group>";
		};
/* End PBXGroup section */

/* Begin PBXNativeTarget section */
		C1356C9A28A9F2550093D003 /* MacroTrack */ = {
			isa = PBXNativeTarget;
			buildConfigurationList = C1356CC528A9F2560093D003 /* Build configuration list for PBXNativeTarget "MacroTrack" */;
			buildPhases = (
				C1356C9728A9F2550093D003 /* Sources */,
				C1356C9828A9F2550093D003 /* Frameworks */,
				C1356C9928A9F2550093D003 /* Resources */,
			);
			buildRules = (
			);
			dependencies = (
			);
			name = MacroTrack;
			productName = MacroTrack;
			productReference = C1356C9B28A9F2550093D003 /* MacroTrack.app */;
			productType = "com.apple.product-type.application";
		};
		C1356CB028A9F2560093D003 /* MacroTrackTests */ = {
			isa = PBXNativeTarget;
			buildConfigurationList = C1356CC828A9F2560093D003 /* Build configuration list for PBXNativeTarget "MacroTrackTests" */;
			buildPhases = (
				C1356CAD28A9F2560093D003 /* Sources */,
				C1356CAE28A9F2560093D003 /* Frameworks */,
				C1356CAF28A9F2560093D003 /* Resources */,
			);
			buildRules = (
			);
			dependencies = (
				C1356CB328A9F2560093D003 /* PBXTargetDependency */,
			);
			name = MacroTrackTests;
			productName = MacroTrackTests;
			productReference = C1356CB128A9F2560093D003 /* MacroTrackTests.xctest */;
			productType = "com.apple.product-type.bundle.unit-test";
		};
		C1356CBA28A9F2560093D003 /* MacroTrackUITests */ = {
			isa = PBXNativeTarget;
			buildConfigurationList = C1356CCB28A9F2560093D003 /* Build configuration list for PBXNativeTarget "MacroTrackUITests" */;
			buildPhases = (
				C1356CB728A9F2560093D003 /* Sources */,
				C1356CB828A9F2560093D003 /* Frameworks */,
				C1356CB928A9F2560093D003 /* Resources */,
			);
			buildRules = (
			);
			dependencies = (
				C1356CBD28A9F2560093D003 /* PBXTargetDependency */,
			);
			name = MacroTrackUITests;
			productName = MacroTrackUITests;
			productReference = C1356CBB28A9F2560093D003 /* MacroTrackUITests.xctest */;
			productType = "com.apple.product-type.bundle.ui-testing";
		};
/* End PBXNativeTarget section */

/* Begin PBXProject section */
		C1356C9328A9F2550093D003 /* Project object */ = {
			isa = PBXProject;
			attributes = {
				BuildIndependentTargetsInParallel = 1;
				LastSwiftUpdateCheck = 1340;
				LastUpgradeCheck = 1340;
				TargetAttributes = {
					C1356C9A28A9F2550093D003 = {
						CreatedOnToolsVersion = 13.4.1;
					};
					C1356CB028A9F2560093D003 = {
						CreatedOnToolsVersion = 13.4.1;
						TestTargetID = C1356C9A28A9F2550093D003;
					};
					C1356CBA28A9F2560093D003 = {
						CreatedOnToolsVersion = 13.4.1;
						TestTargetID = C1356C9A28A9F2550093D003;
					};
				};
			};
			buildConfigurationList = C1356C9628A9F2550093D003 /* Build configuration list for PBXProject "MacroTrack" */;
			compatibilityVersion = "Xcode 13.0";
			developmentRegion = en;
			hasScannedForEncodings = 0;
			knownRegions = (
				en,
				Base,
			);
			mainGroup = C1356C9228A9F2550093D003;
			productRefGroup = C1356C9C28A9F2550093D003 /* Products */;
			projectDirPath = "";
			projectRoot = "";
			targets = (
				C1356C9A28A9F2550093D003 /* MacroTrack */,
				C1356CB028A9F2560093D003 /* MacroTrackTests */,
				C1356CBA28A9F2560093D003 /* MacroTrackUITests */,
			);
		};
/* End PBXProject section */

/* Begin PBXResourcesBuildPhase section */
		C1356C9928A9F2550093D003 /* Resources */ = {
			isa = PBXResourcesBuildPhase;
			buildActionMask = 2147483647;
			files = (
				C1356CAB28A9F2560093D003 /* LaunchScreen.storyboard in Resources */,
				C1356CA828A9F2560093D003 /* Assets.xcassets in Resources */,
				C1356CA628A9F2550093D003 /* Main.storyboard in Resources */,
			);
			runOnlyForDeploymentPostprocessing = 0;
		};
		C1356CAF28A9F2560093D003 /* Resources */ = {
			isa = PBXResourcesBuildPhase;
			buildActionMask = 2147483647;
			files = (
			);
			runOnlyForDeploymentPostprocessing = 0;
		};
		C1356CB928A9F2560093D003 /* Resources */ = {
			isa = PBXResourcesBuildPhase;
			buildActionMask = 2147483647;
			files = (
			);
			runOnlyForDeploymentPostprocessing = 0;
		};
/* End PBXResourcesBuildPhase section */

/* Begin PBXSourcesBuildPhase section */
		C1356C9728A9F2550093D003 /* Sources */ = {
			isa = PBXSourcesBuildPhase;
			buildActionMask = 2147483647;
			files = (
				C1A69E4C28B43E88009A0AA5 /* TrackViewController.swift in Sources */,
				C1356CA328A9F2550093D003 /* ViewController.swift in Sources */,
				C1356C9F28A9F2550093D003 /* AppDelegate.swift in Sources */,
				C1356CA128A9F2550093D003 /* SceneDelegate.swift in Sources */,
			);
			runOnlyForDeploymentPostprocessing = 0;
		};
		C1356CAD28A9F2560093D003 /* Sources */ = {
			isa = PBXSourcesBuildPhase;
			buildActionMask = 2147483647;
			files = (
				C1356CB628A9F2560093D003 /* MacroTrackTests.swift in Sources */,
			);
			runOnlyForDeploymentPostprocessing = 0;
		};
		C1356CB728A9F2560093D003 /* Sources */ = {
			isa = PBXSourcesBuildPhase;
			buildActionMask = 2147483647;
			files = (
				C1356CC028A9F2560093D003 /* MacroTrackUITests.swift in Sources */,
				C1356CC228A9F2560093D003 /* MacroTrackUITestsLaunchTests.swift in Sources */,
			);
			runOnlyForDeploymentPostprocessing = 0;
		};
/* End PBXSourcesBuildPhase section */

/* Begin PBXTargetDependency section */
		C1356CB328A9F2560093D003 /* PBXTargetDependency */ = {
			isa = PBXTargetDependency;
			target = C1356C9A28A9F2550093D003 /* MacroTrack */;
			targetProxy = C1356CB228A9F2560093D003 /* PBXContainerItemProxy */;
		};
		C1356CBD28A9F2560093D003 /* PBXTargetDependency */ = {
			isa = PBXTargetDependency;
			target = C1356C9A28A9F2550093D003 /* MacroTrack */;
			targetProxy = C1356CBC28A9F2560093D003 /* PBXContainerItemProxy */;
		};
/* End PBXTargetDependency section */

/* Begin PBXVariantGroup section */
		C1356CA428A9F2550093D003 /* Main.storyboard */ = {
			isa = PBXVariantGroup;
			children = (
				C1356CA528A9F2550093D003 /* Base */,
			);
			name = Main.storyboard;
			sourceTree = "<group>";
		};
		C1356CA928A9F2560093D003 /* LaunchScreen.storyboard */ = {
			isa = PBXVariantGroup;
			children = (
				C1356CAA28A9F2560093D003 /* Base */,
			);
			name = LaunchScreen.storyboard;
			sourceTree = "<group>";
		};
/* End PBXVariantGroup section */

/* Begin XCBuildConfiguration section */
		C1356CC328A9F2560093D003 /* Debug */ = {
			isa = XCBuildConfiguration;
			buildSettings = {
				ALWAYS_SEARCH_USER_PATHS = NO;
				CLANG_ANALYZER_NONNULL = YES;
				CLANG_ANALYZER_NUMBER_OBJECT_CONVERSION = YES_AGGRESSIVE;
				CLANG_CXX_LANGUAGE_STANDARD = "gnu++17";
				CLANG_ENABLE_MODULES = YES;
				CLANG_ENABLE_OBJC_ARC = YES;
				CLANG_ENABLE_OBJC_WEAK = YES;
				CLANG_WARN_BLOCK_CAPTURE_AUTORELEASING = YES;
				CLANG_WARN_BOOL_CONVERSION = YES;
				CLANG_WARN_COMMA = YES;
				CLANG_WARN_CONSTANT_CONVERSION = YES;
				CLANG_WARN_DEPRECATED_OBJC_IMPLEMENTATIONS = YES;
				CLANG_WARN_DIRECT_OBJC_ISA_USAGE = YES_ERROR;
				CLANG_WARN_DOCUMENTATION_COMMENTS = YES;
				CLANG_WARN_EMPTY_BODY = YES;
				CLANG_WARN_ENUM_CONVERSION = YES;
				CLANG_WARN_INFINITE_RECURSION = YES;
				CLANG_WARN_INT_CONVERSION = YES;
				CLANG_WARN_NON_LITERAL_NULL_CONVERSION = YES;
				CLANG_WARN_OBJC_IMPLICIT_RETAIN_SELF = YES;
				CLANG_WARN_OBJC_LITERAL_CONVERSION = YES;
				CLANG_WARN_OBJC_ROOT_CLASS = YES_ERROR;
				CLANG_WARN_QUOTED_INCLUDE_IN_FRAMEWORK_HEADER = YES;
				CLANG_WARN_RANGE_LOOP_ANALYSIS = YES;
				CLANG_WARN_STRICT_PROTOTYPES = YES;
				CLANG_WARN_SUSPICIOUS_MOVE = YES;
				CLANG_WARN_UNGUARDED_AVAILABILITY = YES_AGGRESSIVE;
				CLANG_WARN_UNREACHABLE_CODE = YES;
				CLANG_WARN__DUPLICATE_METHOD_MATCH = YES;
				COPY_PHASE_STRIP = NO;
				DEBUG_INFORMATION_FORMAT = dwarf;
				ENABLE_STRICT_OBJC_MSGSEND = YES;
				ENABLE_TESTABILITY = YES;
				GCC_C_LANGUAGE_STANDARD = gnu11;
				GCC_DYNAMIC_NO_PIC = NO;
				GCC_NO_COMMON_BLOCKS = YES;
				GCC_OPTIMIZATION_LEVEL = 0;
				GCC_PREPROCESSOR_DEFINITIONS = (
					"DEBUG=1",
					"$(inherited)",
				);
				GCC_WARN_64_TO_32_BIT_CONVERSION = YES;
				GCC_WARN_ABOUT_RETURN_TYPE = YES_ERROR;
				GCC_WARN_UNDECLARED_SELECTOR = YES;
				GCC_WARN_UNINITIALIZED_AUTOS = YES_AGGRESSIVE;
				GCC_WARN_UNUSED_FUNCTION = YES;
				GCC_WARN_UNUSED_VARIABLE = YES;
				IPHONEOS_DEPLOYMENT_TARGET = 15.5;
				MTL_ENABLE_DEBUG_INFO = INCLUDE_SOURCE;
				MTL_FAST_MATH = YES;
				ONLY_ACTIVE_ARCH = YES;
				SDKROOT = iphoneos;
				SWIFT_ACTIVE_COMPILATION_CONDITIONS = DEBUG;
				SWIFT_OPTIMIZATION_LEVEL = "-Onone";
			};
			name = Debug;
		};
		C1356CC428A9F2560093D003 /* Release */ = {
			isa = XCBuildConfiguration;
			buildSettings = {
				ALWAYS_SEARCH_USER_PATHS = NO;
				CLANG_ANALYZER_NONNULL = YES;
				CLANG_ANALYZER_NUMBER_OBJECT_CONVERSION = YES_AGGRESSIVE;
				CLANG_CXX_LANGUAGE_STANDARD = "gnu++17";
				CLANG_ENABLE_MODULES = YES;
				CLANG_ENABLE_OBJC_ARC = YES;
				CLANG_ENABLE_OBJC_WEAK = YES;
				CLANG_WARN_BLOCK_CAPTURE_AUTORELEASING = YES;
				CLANG_WARN_BOOL_CONVERSION = YES;
				CLANG_WARN_COMMA = YES;
				CLANG_WARN_CONSTANT_CONVERSION = YES;
				CLANG_WARN_DEPRECATED_OBJC_IMPLEMENTATIONS = YES;
				CLANG_WARN_DIRECT_OBJC_ISA_USAGE = YES_ERROR;
				CLANG_WARN_DOCUMENTATION_COMMENTS = YES;
				CLANG_WARN_EMPTY_BODY = YES;
				CLANG_WARN_ENUM_CONVERSION = YES;
				CLANG_WARN_INFINITE_RECURSION = YES;
				CLANG_WARN_INT_CONVERSION = YES;
				CLANG_WARN_NON_LITERAL_NULL_CONVERSION = YES;
				CLANG_WARN_OBJC_IMPLICIT_RETAIN_SELF = YES;
				CLANG_WARN_OBJC_LITERAL_CONVERSION = YES;
				CLANG_WARN_OBJC_ROOT_CLASS = YES_ERROR;
				CLANG_WARN_QUOTED_INCLUDE_IN_FRAMEWORK_HEADER = YES;
				CLANG_WARN_RANGE_LOOP_ANALYSIS = YES;
				CLANG_WARN_STRICT_PROTOTYPES = YES;
				CLANG_WARN_SUSPICIOUS_MOVE = YES;
				CLANG_WARN_UNGUARDED_AVAILABILITY = YES_AGGRESSIVE;
				CLANG_WARN_UNREACHABLE_CODE = YES;
				CLANG_WARN__DUPLICATE_METHOD_MATCH = YES;
				COPY_PHASE_STRIP = NO;
				DEBUG_INFORMATION_FORMAT = "dwarf-with-dsym";
				ENABLE_NS_ASSERTIONS = NO;
				ENABLE_STRICT_OBJC_MSGSEND = YES;
				GCC_C_LANGUAGE_STANDARD = gnu11;
				GCC_NO_COMMON_BLOCKS = YES;
				GCC_WARN_64_TO_32_BIT_CONVERSION = YES;
				GCC_WARN_ABOUT_RETURN_TYPE = YES_ERROR;
				GCC_WARN_UNDECLARED_SELECTOR = YES;
				GCC_WARN_UNINITIALIZED_AUTOS = YES_AGGRESSIVE;
				GCC_WARN_UNUSED_FUNCTION = YES;
				GCC_WARN_UNUSED_VARIABLE = YES;
				IPHONEOS_DEPLOYMENT_TARGET = 15.5;
				MTL_ENABLE_DEBUG_INFO = NO;
				MTL_FAST_MATH = YES;
				SDKROOT = iphoneos;
				SWIFT_COMPILATION_MODE = wholemodule;
				SWIFT_OPTIMIZATION_LEVEL = "-O";
				VALIDATE_PRODUCT = YES;
			};
			name = Release;
		};
		C1356CC628A9F2560093D003 /* Debug */ = {
			isa = XCBuildConfiguration;
			buildSettings = {
				ASSETCATALOG_COMPILER_APPICON_NAME = AppIcon;
				ASSETCATALOG_COMPILER_GLOBAL_ACCENT_COLOR_NAME = AccentColor;
				CODE_SIGN_STYLE = Automatic;
				CURRENT_PROJECT_VERSION = 1;
				DEVELOPMENT_TEAM = YL36V74D75;
				GENERATE_INFOPLIST_FILE = YES;
				INFOPLIST_FILE = MacroTrack/Info.plist;
				INFOPLIST_KEY_UIApplicationSupportsIndirectInputEvents = YES;
				INFOPLIST_KEY_UILaunchStoryboardName = LaunchScreen;
				INFOPLIST_KEY_UIMainStoryboardFile = Main;
				INFOPLIST_KEY_UISupportedInterfaceOrientations_iPad = "UIInterfaceOrientationPortrait UIInterfaceOrientationPortraitUpsideDown UIInterfaceOrientationLandscapeLeft UIInterfaceOrientationLandscapeRight";
				INFOPLIST_KEY_UISupportedInterfaceOrientations_iPhone = "UIInterfaceOrientationPortrait UIInterfaceOrientationLandscapeLeft UIInterfaceOrientationLandscapeRight";
				LD_RUNPATH_SEARCH_PATHS = (
					"$(inherited)",
					"@executable_path/Frameworks",
				);
				MARKETING_VERSION = 1.0;
				PRODUCT_BUNDLE_IDENTIFIER = bjucs.MacroTrack;
				PRODUCT_NAME = "$(TARGET_NAME)";
				SWIFT_EMIT_LOC_STRINGS = YES;
				SWIFT_VERSION = 5.0;
				TARGETED_DEVICE_FAMILY = "1,2";
			};
			name = Debug;
		};
		C1356CC728A9F2560093D003 /* Release */ = {
			isa = XCBuildConfiguration;
			buildSettings = {
				ASSETCATALOG_COMPILER_APPICON_NAME = AppIcon;
				ASSETCATALOG_COMPILER_GLOBAL_ACCENT_COLOR_NAME = AccentColor;
				CODE_SIGN_STYLE = Automatic;
				CURRENT_PROJECT_VERSION = 1;
				DEVELOPMENT_TEAM = YL36V74D75;
				GENERATE_INFOPLIST_FILE = YES;
				INFOPLIST_FILE = MacroTrack/Info.plist;
				INFOPLIST_KEY_UIApplicationSupportsIndirectInputEvents = YES;
				INFOPLIST_KEY_UILaunchStoryboardName = LaunchScreen;
				INFOPLIST_KEY_UIMainStoryboardFile = Main;
				INFOPLIST_KEY_UISupportedInterfaceOrientations_iPad = "UIInterfaceOrientationPortrait UIInterfaceOrientationPortraitUpsideDown UIInterfaceOrientationLandscapeLeft UIInterfaceOrientationLandscapeRight";
				INFOPLIST_KEY_UISupportedInterfaceOrientations_iPhone = "UIInterfaceOrientationPortrait UIInterfaceOrientationLandscapeLeft UIInterfaceOrientationLandscapeRight";
				LD_RUNPATH_SEARCH_PATHS = (
					"$(inherited)",
					"@executable_path/Frameworks",
				);
				MARKETING_VERSION = 1.0;
				PRODUCT_BUNDLE_IDENTIFIER = bjucs.MacroTrack;
				PRODUCT_NAME = "$(TARGET_NAME)";
				SWIFT_EMIT_LOC_STRINGS = YES;
				SWIFT_VERSION = 5.0;
				TARGETED_DEVICE_FAMILY = "1,2";
			};
			name = Release;
		};
		C1356CC928A9F2560093D003 /* Debug */ = {
			isa = XCBuildConfiguration;
			buildSettings = {
				ALWAYS_EMBED_SWIFT_STANDARD_LIBRARIES = YES;
				BUNDLE_LOADER = "$(TEST_HOST)";
				CODE_SIGN_STYLE = Automatic;
				CURRENT_PROJECT_VERSION = 1;
				DEVELOPMENT_TEAM = YL36V74D75;
				GENERATE_INFOPLIST_FILE = YES;
				IPHONEOS_DEPLOYMENT_TARGET = 15.5;
				MARKETING_VERSION = 1.0;
				PRODUCT_BUNDLE_IDENTIFIER = bjucs.MacroTrackTests;
				PRODUCT_NAME = "$(TARGET_NAME)";
				SWIFT_EMIT_LOC_STRINGS = NO;
				SWIFT_VERSION = 5.0;
				TARGETED_DEVICE_FAMILY = "1,2";
				TEST_HOST = "$(BUILT_PRODUCTS_DIR)/MacroTrack.app/MacroTrack";
			};
			name = Debug;
		};
		C1356CCA28A9F2560093D003 /* Release */ = {
			isa = XCBuildConfiguration;
			buildSettings = {
				ALWAYS_EMBED_SWIFT_STANDARD_LIBRARIES = YES;
				BUNDLE_LOADER = "$(TEST_HOST)";
				CODE_SIGN_STYLE = Automatic;
				CURRENT_PROJECT_VERSION = 1;
				DEVELOPMENT_TEAM = YL36V74D75;
				GENERATE_INFOPLIST_FILE = YES;
				IPHONEOS_DEPLOYMENT_TARGET = 15.5;
				MARKETING_VERSION = 1.0;
				PRODUCT_BUNDLE_IDENTIFIER = bjucs.MacroTrackTests;
				PRODUCT_NAME = "$(TARGET_NAME)";
				SWIFT_EMIT_LOC_STRINGS = NO;
				SWIFT_VERSION = 5.0;
				TARGETED_DEVICE_FAMILY = "1,2";
				TEST_HOST = "$(BUILT_PRODUCTS_DIR)/MacroTrack.app/MacroTrack";
			};
			name = Release;
		};
		C1356CCC28A9F2560093D003 /* Debug */ = {
			isa = XCBuildConfiguration;
			buildSettings = {
				ALWAYS_EMBED_SWIFT_STANDARD_LIBRARIES = YES;
				CODE_SIGN_STYLE = Automatic;
				CURRENT_PROJECT_VERSION = 1;
				DEVELOPMENT_TEAM = YL36V74D75;
				GENERATE_INFOPLIST_FILE = YES;
				MARKETING_VERSION = 1.0;
				PRODUCT_BUNDLE_IDENTIFIER = bjucs.MacroTrackUITests;
				PRODUCT_NAME = "$(TARGET_NAME)";
				SWIFT_EMIT_LOC_STRINGS = NO;
				SWIFT_VERSION = 5.0;
				TARGETED_DEVICE_FAMILY = "1,2";
				TEST_TARGET_NAME = MacroTrack;
			};
			name = Debug;
		};
		C1356CCD28A9F2560093D003 /* Release */ = {
			isa = XCBuildConfiguration;
			buildSettings = {
				ALWAYS_EMBED_SWIFT_STANDARD_LIBRARIES = YES;
				CODE_SIGN_STYLE = Automatic;
				CURRENT_PROJECT_VERSION = 1;
				DEVELOPMENT_TEAM = YL36V74D75;
				GENERATE_INFOPLIST_FILE = YES;
				MARKETING_VERSION = 1.0;
				PRODUCT_BUNDLE_IDENTIFIER = bjucs.MacroTrackUITests;
				PRODUCT_NAME = "$(TARGET_NAME)";
				SWIFT_EMIT_LOC_STRINGS = NO;
				SWIFT_VERSION = 5.0;
				TARGETED_DEVICE_FAMILY = "1,2";
				TEST_TARGET_NAME = MacroTrack;
			};
			name = Release;
		};
/* End XCBuildConfiguration section */

/* Begin XCConfigurationList section */
		C1356C9628A9F2550093D003 /* Build configuration list for PBXProject "MacroTrack" */ = {
			isa = XCConfigurationList;
			buildConfigurations = (
				C1356CC328A9F2560093D003 /* Debug */,
				C1356CC428A9F2560093D003 /* Release */,
			);
			defaultConfigurationIsVisible = 0;
			defaultConfigurationName = Release;
		};
		C1356CC528A9F2560093D003 /* Build configuration list for PBXNativeTarget "MacroTrack" */ = {
			isa = XCConfigurationList;
			buildConfigurations = (
				C1356CC628A9F2560093D003 /* Debug */,
				C1356CC728A9F2560093D003 /* Release */,
			);
			defaultConfigurationIsVisible = 0;
			defaultConfigurationName = Release;
		};
		C1356CC828A9F2560093D003 /* Build configuration list for PBXNativeTarget "MacroTrackTests" */ = {
			isa = XCConfigurationList;
			buildConfigurations = (
				C1356CC928A9F2560093D003 /* Debug */,
				C1356CCA28A9F2560093D003 /* Release */,
			);
			defaultConfigurationIsVisible = 0;
			defaultConfigurationName = Release;
		};
		C1356CCB28A9F2560093D003 /* Build configuration list for PBXNativeTarget "MacroTrackUITests" */ = {
			isa = XCConfigurationList;
			buildConfigurations = (
				C1356CCC28A9F2560093D003 /* Debug */,
				C1356CCD28A9F2560093D003 /* Release */,
			);
			defaultConfigurationIsVisible = 0;
			defaultConfigurationName = Release;
		};
/* End XCConfigurationList section */
	};
	rootObject = C1356C9328A9F2550093D003 /* Project object */;
}
